
Microsoft Visual Studio Solution File, Format Version 12.00
# Visual Studio Version 17
VisualStudioVersion = 17.7.33723.381
MinimumVisualStudioVersion = 10.0.40219.1
Project("{FAE04EC0-301F-11D3-BF4B-00C04F79EFBC}") = "repinfo", "repinfo.csproj", "{4E8E2EEC-4FFA-49E8-B4FE-A4806497391D}"
EndProject
Project("{2150E333-8FDC-42A3-9474-1A3956D46DE8}") = "Workflows", "Workflows", "{7DF14CF3-7192-433F-BD31-A4C09304206B}"
	ProjectSection(SolutionItems) = preProject
		.github\workflows\build-01be0.yaml = .github\workflows\build-01be0.yaml
	EndProjectSection
EndProject
Global
	GlobalSection(SolutionConfigurationPlatforms) = preSolution
		Debug|Any CPU = Debug|Any CPU
		Release|Any CPU = Release|Any CPU
	EndGlobalSection
	GlobalSection(ProjectConfigurationPlatforms) = postSolution
		{4E8E2EEC-4FFA-49E8-B4FE-A4806497391D}.Debug|Any CPU.ActiveCfg = Debug|Any CPU
		{4E8E2EEC-4FFA-49E8-B4FE-A4806497391D}.Debug|Any CPU.Build.0 = Debug|Any CPU
		{4E8E2EEC-4FFA-49E8-B4FE-A4806497391D}.Release|Any CPU.ActiveCfg = Release|Any CPU
		{4E8E2EEC-4FFA-49E8-B4FE-A4806497391D}.Release|Any CPU.Build.0 = Release|Any CPU
	EndGlobalSection
	GlobalSection(SolutionProperties) = preSolution
		HideSolutionNode = FALSE
	EndGlobalSection
	GlobalSection(ExtensibilityGlobals) = postSolution
		SolutionGuid = {72ADD146-BD56-41B2-93EA-4F4A3A3C04E6}
	EndGlobalSection
EndGlobal
